
Microsoft Visual Studio Solution File, Format Version 12.00
# Visual Studio 15
VisualStudioVersion = 15.0.28010.2016
MinimumVisualStudioVersion = 10.0.40219.1
Project("{9A19103F-16F7-4668-BE54-9A1E7A4F7556}") = "Daniel2.NetCore.Tests", "Daniel2.NetCore.Tests.csproj", "{AE7BE6F3-AAC3-4290-88E9-182A022499A2}"
EndProject
Global
	GlobalSection(SolutionConfigurationPlatforms) = preSolution
		Debug|Any CPU = Debug|Any CPU
		Release|Any CPU = Release|Any CPU
	EndGlobalSection
	GlobalSection(ProjectConfigurationPlatforms) = postSolution
		{AE7BE6F3-AAC3-4290-88E9-182A022499A2}.Debug|Any CPU.ActiveCfg = Debug|Any CPU
		{AE7BE6F3-AAC3-4290-88E9-182A022499A2}.Debug|Any CPU.Build.0 = Debug|Any CPU
		{AE7BE6F3-AAC3-4290-88E9-182A022499A2}.Release|Any CPU.ActiveCfg = Release|Any CPU
		{AE7BE6F3-AAC3-4290-88E9-182A022499A2}.Release|Any CPU.Build.0 = Release|Any CPU
	EndGlobalSection
	GlobalSection(SolutionProperties) = preSolution
		HideSolutionNode = FALSE
	EndGlobalSection
	GlobalSection(ExtensibilityGlobals) = postSolution
		SolutionGuid = {A38C4B8A-18AA-46DE-A6EC-48CB9E46FBA2}
	EndGlobalSection
EndGlobal
