
Microsoft Visual Studio Solution File, Format Version 12.00
# Visual Studio 14
VisualStudioVersion = 14.0.25420.1
MinimumVisualStudioVersion = 10.0.40219.1
Project("{8BC9CEB8-8B4A-11D0-8D11-00A0C91BC942}") = "Daniel2.Native.Tests", "Daniel2.Native.Tests\Daniel2.Native.Tests.vcxproj", "{599A18CC-94CF-45DA-904A-2E4C40FDB4F3}"
EndProject
Project("{FAE04EC0-301F-11D3-BF4B-00C04F79EFBC}") = "Daniel2.Managed.Tests", "Daniel2.Managed.Tests\Daniel2.Managed.Tests.csproj", "{A5261207-79B9-471A-8F20-D3D2EAECCC5E}"
EndProject
Project("{8BC9CEB8-8B4A-11D0-8D11-00A0C91BC942}") = "Daniel2.SimplePlayerGL", "Daniel2.SimplePlayerGL.vcxproj\Daniel2.SimplePlayerGL.vcxproj", "{3B333D09-2C9F-43DB-824F-ABFE628302EB}"
EndProject
Project("{8BC9CEB8-8B4A-11D0-8D11-00A0C91BC942}") = "Daniel2.Encoder.FileReadMT", "Daniel2.DPXEncoder\Daniel2.DPXEncoder.vcxproj", "{51658988-3725-4D7C-B7FB-7926F76E0229}"
EndProject
Project("{FAE04EC0-301F-11D3-BF4B-00C04F79EFBC}") = "SimpleAudioDecoder", "SimpleAudioDecoder\SimpleAudioDecoder.csproj", "{53D3A9CB-B65B-4DF1-9DF4-2DF574D07E7D}"
EndProject
Project("{FAE04EC0-301F-11D3-BF4B-00C04F79EFBC}") = "SimpleAudioEncoder", "SimpleAudioEncoder\SimpleAudioEncoder.csproj", "{2BF3E204-F272-4A59-872E-3C9973B24D00}"
EndProject
Project("{FAE04EC0-301F-11D3-BF4B-00C04F79EFBC}") = "Daniel2.MXFTranscoder", "Daniel2.MXFTranscoder\Daniel2.MXFTranscoder.csproj", "{A44838D9-4B86-465E-B98C-C25DCB560FF8}"
EndProject
Project("{8BC9CEB8-8B4A-11D0-8D11-00A0C91BC942}") = "SimpleVideoDecoder", "SimpleVideoDecoder\SimpleVideoDecoder.vcxproj", "{C201C3BF-92A6-45BC-8817-AF82B17442B0}"
EndProject
Project("{8BC9CEB8-8B4A-11D0-8D11-00A0C91BC942}") = "SimpleVideoEncoder", "SimpleVideoEncoder\SimpleVideoEncoder.vcxproj", "{BFF5D094-9E92-41B5-8450-F4CA08A90294}"
EndProject
Global
	GlobalSection(SolutionConfigurationPlatforms) = preSolution
		Debug|x64 = Debug|x64
		Debug|x86 = Debug|x86
		Release|x64 = Release|x64
		Release|x86 = Release|x86
	EndGlobalSection
	GlobalSection(ProjectConfigurationPlatforms) = postSolution
		{599A18CC-94CF-45DA-904A-2E4C40FDB4F3}.Debug|x64.ActiveCfg = Debug|x64
		{599A18CC-94CF-45DA-904A-2E4C40FDB4F3}.Debug|x64.Build.0 = Debug|x64
		{599A18CC-94CF-45DA-904A-2E4C40FDB4F3}.Debug|x86.ActiveCfg = Debug|Win32
		{599A18CC-94CF-45DA-904A-2E4C40FDB4F3}.Debug|x86.Build.0 = Debug|Win32
		{599A18CC-94CF-45DA-904A-2E4C40FDB4F3}.Release|x64.ActiveCfg = Release|x64
		{599A18CC-94CF-45DA-904A-2E4C40FDB4F3}.Release|x64.Build.0 = Release|x64
		{599A18CC-94CF-45DA-904A-2E4C40FDB4F3}.Release|x86.ActiveCfg = Release|Win32
		{599A18CC-94CF-45DA-904A-2E4C40FDB4F3}.Release|x86.Build.0 = Release|Win32
		{A5261207-79B9-471A-8F20-D3D2EAECCC5E}.Debug|x64.ActiveCfg = Debug|x64
		{A5261207-79B9-471A-8F20-D3D2EAECCC5E}.Debug|x64.Build.0 = Debug|x64
		{A5261207-79B9-471A-8F20-D3D2EAECCC5E}.Debug|x86.ActiveCfg = Debug|Win32
		{A5261207-79B9-471A-8F20-D3D2EAECCC5E}.Debug|x86.Build.0 = Debug|Win32
		{A5261207-79B9-471A-8F20-D3D2EAECCC5E}.Release|x64.ActiveCfg = Release|x64
		{A5261207-79B9-471A-8F20-D3D2EAECCC5E}.Release|x64.Build.0 = Release|x64
		{A5261207-79B9-471A-8F20-D3D2EAECCC5E}.Release|x86.ActiveCfg = Release|Win32
		{A5261207-79B9-471A-8F20-D3D2EAECCC5E}.Release|x86.Build.0 = Release|Win32
		{3B333D09-2C9F-43DB-824F-ABFE628302EB}.Debug|x64.ActiveCfg = Debug|x64
		{3B333D09-2C9F-43DB-824F-ABFE628302EB}.Debug|x64.Build.0 = Debug|x64
		{3B333D09-2C9F-43DB-824F-ABFE628302EB}.Debug|x86.ActiveCfg = Debug|Win32
		{3B333D09-2C9F-43DB-824F-ABFE628302EB}.Debug|x86.Build.0 = Debug|Win32
		{3B333D09-2C9F-43DB-824F-ABFE628302EB}.Release|x64.ActiveCfg = Release|x64
		{3B333D09-2C9F-43DB-824F-ABFE628302EB}.Release|x64.Build.0 = Release|x64
		{3B333D09-2C9F-43DB-824F-ABFE628302EB}.Release|x86.ActiveCfg = Release|Win32
		{3B333D09-2C9F-43DB-824F-ABFE628302EB}.Release|x86.Build.0 = Release|Win32
		{51658988-3725-4D7C-B7FB-7926F76E0229}.Debug|x64.ActiveCfg = Debug|x64
		{51658988-3725-4D7C-B7FB-7926F76E0229}.Debug|x64.Build.0 = Debug|x64
		{51658988-3725-4D7C-B7FB-7926F76E0229}.Debug|x86.ActiveCfg = Debug|Win32
		{51658988-3725-4D7C-B7FB-7926F76E0229}.Debug|x86.Build.0 = Debug|Win32
		{51658988-3725-4D7C-B7FB-7926F76E0229}.Release|x64.ActiveCfg = Release|x64
		{51658988-3725-4D7C-B7FB-7926F76E0229}.Release|x64.Build.0 = Release|x64
		{51658988-3725-4D7C-B7FB-7926F76E0229}.Release|x86.ActiveCfg = Release|Win32
		{51658988-3725-4D7C-B7FB-7926F76E0229}.Release|x86.Build.0 = Release|Win32
		{53D3A9CB-B65B-4DF1-9DF4-2DF574D07E7D}.Debug|x64.ActiveCfg = Debug|x64
		{53D3A9CB-B65B-4DF1-9DF4-2DF574D07E7D}.Debug|x64.Build.0 = Debug|x64
		{53D3A9CB-B65B-4DF1-9DF4-2DF574D07E7D}.Debug|x86.ActiveCfg = Debug|Win32
		{53D3A9CB-B65B-4DF1-9DF4-2DF574D07E7D}.Debug|x86.Build.0 = Debug|Win32
		{53D3A9CB-B65B-4DF1-9DF4-2DF574D07E7D}.Release|x64.ActiveCfg = Release|x64
		{53D3A9CB-B65B-4DF1-9DF4-2DF574D07E7D}.Release|x64.Build.0 = Release|x64
		{53D3A9CB-B65B-4DF1-9DF4-2DF574D07E7D}.Release|x86.ActiveCfg = Release|Win32
		{53D3A9CB-B65B-4DF1-9DF4-2DF574D07E7D}.Release|x86.Build.0 = Release|Win32
		{2BF3E204-F272-4A59-872E-3C9973B24D00}.Debug|x64.ActiveCfg = Debug|x64
		{2BF3E204-F272-4A59-872E-3C9973B24D00}.Debug|x64.Build.0 = Debug|x64
		{2BF3E204-F272-4A59-872E-3C9973B24D00}.Debug|x86.ActiveCfg = Debug|Win32
		{2BF3E204-F272-4A59-872E-3C9973B24D00}.Debug|x86.Build.0 = Debug|Win32
		{2BF3E204-F272-4A59-872E-3C9973B24D00}.Release|x64.ActiveCfg = Release|x64
		{2BF3E204-F272-4A59-872E-3C9973B24D00}.Release|x64.Build.0 = Release|x64
		{2BF3E204-F272-4A59-872E-3C9973B24D00}.Release|x86.ActiveCfg = Release|Win32
		{2BF3E204-F272-4A59-872E-3C9973B24D00}.Release|x86.Build.0 = Release|Win32
		{A44838D9-4B86-465E-B98C-C25DCB560FF8}.Debug|x64.ActiveCfg = Debug|x64
		{A44838D9-4B86-465E-B98C-C25DCB560FF8}.Debug|x64.Build.0 = Debug|x64
		{A44838D9-4B86-465E-B98C-C25DCB560FF8}.Debug|x86.ActiveCfg = Debug|Win32
		{A44838D9-4B86-465E-B98C-C25DCB560FF8}.Debug|x86.Build.0 = Debug|Win32
		{A44838D9-4B86-465E-B98C-C25DCB560FF8}.Release|x64.ActiveCfg = Release|x64
		{A44838D9-4B86-465E-B98C-C25DCB560FF8}.Release|x64.Build.0 = Release|x64
		{A44838D9-4B86-465E-B98C-C25DCB560FF8}.Release|x86.ActiveCfg = Release|Win32
		{A44838D9-4B86-465E-B98C-C25DCB560FF8}.Release|x86.Build.0 = Release|Win32
		{C201C3BF-92A6-45BC-8817-AF82B17442B0}.Debug|x64.ActiveCfg = Debug|x64
		{C201C3BF-92A6-45BC-8817-AF82B17442B0}.Debug|x64.Build.0 = Debug|x64
		{C201C3BF-92A6-45BC-8817-AF82B17442B0}.Debug|x86.ActiveCfg = Debug|Win32
		{C201C3BF-92A6-45BC-8817-AF82B17442B0}.Debug|x86.Build.0 = Debug|Win32
		{C201C3BF-92A6-45BC-8817-AF82B17442B0}.Release|x64.ActiveCfg = Release|x64
		{C201C3BF-92A6-45BC-8817-AF82B17442B0}.Release|x64.Build.0 = Release|x64
		{C201C3BF-92A6-45BC-8817-AF82B17442B0}.Release|x86.ActiveCfg = Release|Win32
		{C201C3BF-92A6-45BC-8817-AF82B17442B0}.Release|x86.Build.0 = Release|Win32
		{BFF5D094-9E92-41B5-8450-F4CA08A90294}.Debug|x64.ActiveCfg = Debug|x64
		{BFF5D094-9E92-41B5-8450-F4CA08A90294}.Debug|x64.Build.0 = Debug|x64
		{BFF5D094-9E92-41B5-8450-F4CA08A90294}.Debug|x86.ActiveCfg = Debug|Win32
		{BFF5D094-9E92-41B5-8450-F4CA08A90294}.Debug|x86.Build.0 = Debug|Win32
		{BFF5D094-9E92-41B5-8450-F4CA08A90294}.Release|x64.ActiveCfg = Release|x64
		{BFF5D094-9E92-41B5-8450-F4CA08A90294}.Release|x64.Build.0 = Release|x64
		{BFF5D094-9E92-41B5-8450-F4CA08A90294}.Release|x86.ActiveCfg = Release|Win32
		{BFF5D094-9E92-41B5-8450-F4CA08A90294}.Release|x86.Build.0 = Release|Win32
	EndGlobalSection
	GlobalSection(SolutionProperties) = preSolution
		HideSolutionNode = FALSE
	EndGlobalSection
	GlobalSection(ExtensibilityGlobals) = postSolution
		SolutionGuid = {40AC0904-A322-44AC-8E19-9FF9D7C665B8}
	EndGlobalSection
EndGlobal
