// !$*UTF8*$!
{
	archiveVersion = 1;
	classes = {
	};
	objectVersion = 48;
	objects = {

/* Begin PBXBuildFile section */
		96AAC9EA21393B8000BAE16D /* Daniel2.SimplePlayerGL.cpp in Sources */ = {isa = PBXBuildFile; fileRef = 47ACEE0F20976C50003E1326 /* Daniel2.SimplePlayerGL.cpp */; };
		96AAC9EB21393B8000BAE16D /* AudioSource.cpp in Sources */ = {isa = PBXBuildFile; fileRef = 962900A221145528003F87AE /* AudioSource.cpp */; };
		96AAC9EC21393B8000BAE16D /* Block.cpp in Sources */ = {isa = PBXBuildFile; fileRef = 47ACEE0C20976C50003E1326 /* Block.cpp */; };
		96AAC9ED21393B8000BAE16D /* DecodeDaniel2.cpp in Sources */ = {isa = PBXBuildFile; fileRef = 47ACEE1120976C50003E1326 /* DecodeDaniel2.cpp */; };
		96AAC9EE21393B8000BAE16D /* ReadFileDN2.cpp in Sources */ = {isa = PBXBuildFile; fileRef = 47ACEE1420976C51003E1326 /* ReadFileDN2.cpp */; };
		96AAC9EF21393B8000BAE16D /* stdafx.cpp in Sources */ = {isa = PBXBuildFile; fileRef = 47ACEE1620976C51003E1326 /* stdafx.cpp */; };
		96AAC9F121393B8000BAE16D /* OpenAL.framework in Frameworks */ = {isa = PBXBuildFile; fileRef = 962DAD802111E40700DE5B63 /* OpenAL.framework */; };
		96AAC9F221393B8000BAE16D /* GLUT.framework in Frameworks */ = {isa = PBXBuildFile; fileRef = 96D13B5D206CE68300102F82 /* GLUT.framework */; };
		96AAC9F321393B8000BAE16D /* CoreGraphics.framework in Frameworks */ = {isa = PBXBuildFile; fileRef = 96D13B5B206CE67B00102F82 /* CoreGraphics.framework */; };
		96AAC9F421393B8000BAE16D /* OpenGL.framework in Frameworks */ = {isa = PBXBuildFile; fileRef = 96D13B59206CE66E00102F82 /* OpenGL.framework */; };
/* End PBXBuildFile section */

/* Begin PBXBuildRule section */
		96AAC9F621393B8000BAE16D /* PBXBuildRule */ = {
			isa = PBXBuildRule;
			compilerSpec = com.apple.compilers.proxy.script;
			fileType = pattern.proxy;
			isEditable = 1;
			outputFiles = (
			);
			script = "";
		};
/* End PBXBuildRule section */

/* Begin PBXCopyFilesBuildPhase section */
		96AAC9F521393B8000BAE16D /* CopyFiles */ = {
			isa = PBXCopyFilesBuildPhase;
			buildActionMask = 2147483647;
			dstPath = /usr/share/man/man1/;
			dstSubfolderSpec = 0;
			files = (
			);
			runOnlyForDeploymentPostprocessing = 1;
		};
/* End PBXCopyFilesBuildPhase section */

/* Begin PBXFileReference section */
		47ACEE0C20976C50003E1326 /* Block.cpp */ = {isa = PBXFileReference; fileEncoding = 4; lastKnownFileType = sourcecode.cpp.cpp; name = Block.cpp; path = Daniel2.SimplePlayerGL/Block.cpp; sourceTree = "<group>"; };
		47ACEE0E20976C50003E1326 /* DecodeDaniel2.h */ = {isa = PBXFileReference; fileEncoding = 4; lastKnownFileType = sourcecode.c.h; name = DecodeDaniel2.h; path = Daniel2.SimplePlayerGL/DecodeDaniel2.h; sourceTree = "<group>"; };
		47ACEE0F20976C50003E1326 /* Daniel2.SimplePlayerGL.cpp */ = {isa = PBXFileReference; fileEncoding = 4; lastKnownFileType = sourcecode.cpp.cpp; name = Daniel2.SimplePlayerGL.cpp; path = Daniel2.SimplePlayerGL/Daniel2.SimplePlayerGL.cpp; sourceTree = "<group>"; };
		47ACEE1020976C50003E1326 /* Block.h */ = {isa = PBXFileReference; fileEncoding = 4; lastKnownFileType = sourcecode.c.h; name = Block.h; path = Daniel2.SimplePlayerGL/Block.h; sourceTree = "<group>"; };
		47ACEE1120976C50003E1326 /* DecodeDaniel2.cpp */ = {isa = PBXFileReference; fileEncoding = 4; lastKnownFileType = sourcecode.cpp.cpp; name = DecodeDaniel2.cpp; path = Daniel2.SimplePlayerGL/DecodeDaniel2.cpp; sourceTree = "<group>"; };
		47ACEE1420976C51003E1326 /* ReadFileDN2.cpp */ = {isa = PBXFileReference; fileEncoding = 4; lastKnownFileType = sourcecode.cpp.cpp; name = ReadFileDN2.cpp; path = Daniel2.SimplePlayerGL/ReadFileDN2.cpp; sourceTree = "<group>"; };
		47ACEE1520976C51003E1326 /* ReadFileDN2.h */ = {isa = PBXFileReference; fileEncoding = 4; lastKnownFileType = sourcecode.c.h; name = ReadFileDN2.h; path = Daniel2.SimplePlayerGL/ReadFileDN2.h; sourceTree = "<group>"; };
		47ACEE1620976C51003E1326 /* stdafx.cpp */ = {isa = PBXFileReference; fileEncoding = 4; lastKnownFileType = sourcecode.cpp.cpp; name = stdafx.cpp; path = Daniel2.SimplePlayerGL/stdafx.cpp; sourceTree = "<group>"; };
		47ACEE1720976C51003E1326 /* stdafx.h */ = {isa = PBXFileReference; fileEncoding = 4; lastKnownFileType = sourcecode.c.h; name = stdafx.h; path = Daniel2.SimplePlayerGL/stdafx.h; sourceTree = "<group>"; };
		47ACEE1820976C51003E1326 /* Timer.h */ = {isa = PBXFileReference; fileEncoding = 4; lastKnownFileType = sourcecode.c.h; name = Timer.h; path = Daniel2.SimplePlayerGL/Timer.h; sourceTree = "<group>"; };
		47ACEE2220977416003E1326 /* utils */ = {isa = PBXFileReference; lastKnownFileType = folder; name = utils; path = Daniel2.SimplePlayerGL/utils; sourceTree = "<group>"; };
		962900A221145528003F87AE /* AudioSource.cpp */ = {isa = PBXFileReference; fileEncoding = 4; lastKnownFileType = sourcecode.cpp.cpp; name = AudioSource.cpp; path = Daniel2.SimplePlayerGL/AudioSource.cpp; sourceTree = "<group>"; };
		962900A421145530003F87AE /* AudioSource.h */ = {isa = PBXFileReference; fileEncoding = 4; lastKnownFileType = sourcecode.c.h; name = AudioSource.h; path = Daniel2.SimplePlayerGL/AudioSource.h; sourceTree = "<group>"; };
		962DAD802111E40700DE5B63 /* OpenAL.framework */ = {isa = PBXFileReference; lastKnownFileType = wrapper.framework; name = OpenAL.framework; path = System/Library/Frameworks/OpenAL.framework; sourceTree = SDKROOT; };
		9643B33C2121C3CC0004A7E0 /* cudaDefines.h */ = {isa = PBXFileReference; fileEncoding = 4; lastKnownFileType = sourcecode.c.h; name = cudaDefines.h; path = Daniel2.SimplePlayerGL/cudaDefines.h; sourceTree = "<group>"; };
		9643B33D2121C3D60004A7E0 /* CinecoderErrorHandler.h */ = {isa = PBXFileReference; fileEncoding = 4; lastKnownFileType = sourcecode.c.h; name = CinecoderErrorHandler.h; path = Daniel2.SimplePlayerGL/CinecoderErrorHandler.h; sourceTree = "<group>"; };
		96AAC9FA21393B8000BAE16D /* SimplePlayerGL */ = {isa = PBXFileReference; explicitFileType = "compiled.mach-o.executable"; includeInIndex = 0; path = SimplePlayerGL; sourceTree = BUILT_PRODUCTS_DIR; };
		96D13B59206CE66E00102F82 /* OpenGL.framework */ = {isa = PBXFileReference; lastKnownFileType = wrapper.framework; name = OpenGL.framework; path = System/Library/Frameworks/OpenGL.framework; sourceTree = SDKROOT; };
		96D13B5B206CE67B00102F82 /* CoreGraphics.framework */ = {isa = PBXFileReference; lastKnownFileType = wrapper.framework; name = CoreGraphics.framework; path = System/Library/Frameworks/CoreGraphics.framework; sourceTree = SDKROOT; };
		96D13B5D206CE68300102F82 /* GLUT.framework */ = {isa = PBXFileReference; lastKnownFileType = wrapper.framework; name = GLUT.framework; path = System/Library/Frameworks/GLUT.framework; sourceTree = SDKROOT; };
/* End PBXFileReference section */

/* Begin PBXFrameworksBuildPhase section */
		96AAC9F021393B8000BAE16D /* Frameworks */ = {
			isa = PBXFrameworksBuildPhase;
			buildActionMask = 2147483647;
			files = (
				96AAC9F121393B8000BAE16D /* OpenAL.framework in Frameworks */,
				96AAC9F221393B8000BAE16D /* GLUT.framework in Frameworks */,
				96AAC9F321393B8000BAE16D /* CoreGraphics.framework in Frameworks */,
				96AAC9F421393B8000BAE16D /* OpenGL.framework in Frameworks */,
			);
			runOnlyForDeploymentPostprocessing = 0;
		};
/* End PBXFrameworksBuildPhase section */

/* Begin PBXGroup section */
		96D13B31206CE5A700102F82 = {
			isa = PBXGroup;
			children = (
				9643B33D2121C3D60004A7E0 /* CinecoderErrorHandler.h */,
				9643B33C2121C3CC0004A7E0 /* cudaDefines.h */,
				962900A421145530003F87AE /* AudioSource.h */,
				962900A221145528003F87AE /* AudioSource.cpp */,
				47ACEE2220977416003E1326 /* utils */,
				47ACEE0C20976C50003E1326 /* Block.cpp */,
				47ACEE1020976C50003E1326 /* Block.h */,
				47ACEE1120976C50003E1326 /* DecodeDaniel2.cpp */,
				47ACEE0E20976C50003E1326 /* DecodeDaniel2.h */,
				47ACEE1420976C51003E1326 /* ReadFileDN2.cpp */,
				47ACEE1520976C51003E1326 /* ReadFileDN2.h */,
				47ACEE0F20976C50003E1326 /* Daniel2.SimplePlayerGL.cpp */,
				47ACEE1620976C51003E1326 /* stdafx.cpp */,
				47ACEE1720976C51003E1326 /* stdafx.h */,
				47ACEE1820976C51003E1326 /* Timer.h */,
				96D13B3B206CE5A700102F82 /* Products */,
				96D13B58206CE66D00102F82 /* Frameworks */,
			);
			sourceTree = "<group>";
		};
		96D13B3B206CE5A700102F82 /* Products */ = {
			isa = PBXGroup;
			children = (
				96AAC9FA21393B8000BAE16D /* SimplePlayerGL */,
			);
			name = Products;
			sourceTree = "<group>";
		};
		96D13B58206CE66D00102F82 /* Frameworks */ = {
			isa = PBXGroup;
			children = (
				962DAD802111E40700DE5B63 /* OpenAL.framework */,
				96D13B5D206CE68300102F82 /* GLUT.framework */,
				96D13B5B206CE67B00102F82 /* CoreGraphics.framework */,
				96D13B59206CE66E00102F82 /* OpenGL.framework */,
			);
			name = Frameworks;
			sourceTree = "<group>";
		};
/* End PBXGroup section */

/* Begin PBXNativeTarget section */
		96AAC9E821393B8000BAE16D /* SimplePlayerGL */ = {
			isa = PBXNativeTarget;
			buildConfigurationList = 96AAC9F721393B8000BAE16D /* Build configuration list for PBXNativeTarget "SimplePlayerGL" */;
			buildPhases = (
				96AAC9E921393B8000BAE16D /* Sources */,
				96AAC9F021393B8000BAE16D /* Frameworks */,
				96AAC9F521393B8000BAE16D /* CopyFiles */,
			);
			buildRules = (
				96AAC9F621393B8000BAE16D /* PBXBuildRule */,
			);
			dependencies = (
			);
			name = SimplePlayerGL;
			productName = SimpleDecodeDN2;
			productReference = 96AAC9FA21393B8000BAE16D /* SimplePlayerGL */;
			productType = "com.apple.product-type.tool";
		};
/* End PBXNativeTarget section */

/* Begin PBXProject section */
		96D13B32206CE5A700102F82 /* Project object */ = {
			isa = PBXProject;
			attributes = {
				LastUpgradeCheck = 0920;
				ORGANIZATIONNAME = Cinegy;
				TargetAttributes = {
					96AAC9E821393B8000BAE16D = {
						ProvisioningStyle = Automatic;
					};
				};
			};
			buildConfigurationList = 96D13B35206CE5A700102F82 /* Build configuration list for PBXProject "Daniel2.SimplePlayerGL" */;
			compatibilityVersion = "Xcode 8.0";
			developmentRegion = en;
			hasScannedForEncodings = 0;
			knownRegions = (
				en,
			);
			mainGroup = 96D13B31206CE5A700102F82;
			productRefGroup = 96D13B3B206CE5A700102F82 /* Products */;
			projectDirPath = "";
			projectRoot = "";
			targets = (
				96AAC9E821393B8000BAE16D /* SimplePlayerGL */,
			);
		};
/* End PBXProject section */

/* Begin PBXSourcesBuildPhase section */
		96AAC9E921393B8000BAE16D /* Sources */ = {
			isa = PBXSourcesBuildPhase;
			buildActionMask = 2147483647;
			files = (
				96AAC9EA21393B8000BAE16D /* Daniel2.SimplePlayerGL.cpp in Sources */,
				96AAC9EB21393B8000BAE16D /* AudioSource.cpp in Sources */,
				96AAC9EC21393B8000BAE16D /* Block.cpp in Sources */,
				96AAC9ED21393B8000BAE16D /* DecodeDaniel2.cpp in Sources */,
				96AAC9EE21393B8000BAE16D /* ReadFileDN2.cpp in Sources */,
				96AAC9EF21393B8000BAE16D /* stdafx.cpp in Sources */,
			);
			runOnlyForDeploymentPostprocessing = 0;
		};
/* End PBXSourcesBuildPhase section */

/* Begin XCBuildConfiguration section */
		96AAC9F821393B8000BAE16D /* Debug */ = {
			isa = XCBuildConfiguration;
			buildSettings = {
				CODE_SIGN_STYLE = Automatic;
				GCC_WARN_ABOUT_DEPRECATED_FUNCTIONS = NO;
				HEADER_SEARCH_PATHS = (
					$PROJECT_DIR/_toolkits/cinecoder/sources,
					$PROJECT_DIR/_toolkits/cinecoder/sources/winclude,
				);
				LIBRARY_SEARCH_PATHS = "$(PROJECT_DIR)/_toolkits/cinecoder/runtimes/osx/native";
				OTHER_LDFLAGS = "$(PROJECT_DIR)/_toolkits/cinecoder/runtimes/osx/native/libCinecoder.dylib";
				PRODUCT_NAME = "$(TARGET_NAME)";
			};
			name = Debug;
		};
		96AAC9F921393B8000BAE16D /* Release */ = {
			isa = XCBuildConfiguration;
			buildSettings = {
				CODE_SIGN_STYLE = Automatic;
				GCC_WARN_ABOUT_DEPRECATED_FUNCTIONS = NO;
				HEADER_SEARCH_PATHS = (
					$PROJECT_DIR/_toolkits/cinecoder/sources,
					$PROJECT_DIR/_toolkits/cinecoder/sources/winclude,
				);
				LIBRARY_SEARCH_PATHS = "$(PROJECT_DIR)/_toolkits/cinecoder/runtimes/osx/native";
				OTHER_LDFLAGS = "$(PROJECT_DIR)/_toolkits/cinecoder/runtimes/osx/native/libCinecoder.dylib";
				PRODUCT_NAME = "$(TARGET_NAME)";
			};
			name = Release;
		};
		96D13B3F206CE5A700102F82 /* Debug */ = {
			isa = XCBuildConfiguration;
			buildSettings = {
				ALWAYS_SEARCH_USER_PATHS = NO;
				CLANG_ANALYZER_NONNULL = YES;
				CLANG_ANALYZER_NUMBER_OBJECT_CONVERSION = YES_AGGRESSIVE;
				CLANG_CXX_LANGUAGE_STANDARD = "gnu++14";
				CLANG_CXX_LIBRARY = "libc++";
				CLANG_ENABLE_MODULES = YES;
				CLANG_ENABLE_OBJC_ARC = YES;
				CLANG_WARN_BLOCK_CAPTURE_AUTORELEASING = YES;
				CLANG_WARN_BOOL_CONVERSION = YES;
				CLANG_WARN_COMMA = YES;
				CLANG_WARN_CONSTANT_CONVERSION = YES;
				CLANG_WARN_DIRECT_OBJC_ISA_USAGE = YES_ERROR;
				CLANG_WARN_DOCUMENTATION_COMMENTS = YES;
				CLANG_WARN_EMPTY_BODY = YES;
				CLANG_WARN_ENUM_CONVERSION = YES;
				CLANG_WARN_INFINITE_RECURSION = YES;
				CLANG_WARN_INT_CONVERSION = YES;
				CLANG_WARN_NON_LITERAL_NULL_CONVERSION = YES;
				CLANG_WARN_OBJC_LITERAL_CONVERSION = YES;
				CLANG_WARN_OBJC_ROOT_CLASS = YES_ERROR;
				CLANG_WARN_RANGE_LOOP_ANALYSIS = YES;
				CLANG_WARN_STRICT_PROTOTYPES = YES;
				CLANG_WARN_SUSPICIOUS_MOVE = YES;
				CLANG_WARN_UNGUARDED_AVAILABILITY = YES_AGGRESSIVE;
				CLANG_WARN_UNREACHABLE_CODE = YES;
				CLANG_WARN__DUPLICATE_METHOD_MATCH = YES;
				CODE_SIGN_IDENTITY = "-";
				COPY_PHASE_STRIP = NO;
				DEBUG_INFORMATION_FORMAT = dwarf;
				ENABLE_STRICT_OBJC_MSGSEND = YES;
				ENABLE_TESTABILITY = YES;
				GCC_C_LANGUAGE_STANDARD = gnu11;
				GCC_DYNAMIC_NO_PIC = NO;
				GCC_NO_COMMON_BLOCKS = YES;
				GCC_OPTIMIZATION_LEVEL = 0;
				GCC_PREPROCESSOR_DEFINITIONS = (
					"DEBUG=1",
					"$(inherited)",
				);
				GCC_WARN_64_TO_32_BIT_CONVERSION = YES;
				GCC_WARN_ABOUT_RETURN_TYPE = YES_ERROR;
				GCC_WARN_UNDECLARED_SELECTOR = YES;
				GCC_WARN_UNINITIALIZED_AUTOS = YES_AGGRESSIVE;
				GCC_WARN_UNUSED_FUNCTION = YES;
				GCC_WARN_UNUSED_VARIABLE = YES;
				MACOSX_DEPLOYMENT_TARGET = 10.13;
				MTL_ENABLE_DEBUG_INFO = YES;
				ONLY_ACTIVE_ARCH = YES;
				PRODUCT_NAME = "$(TARGET_NAME)";
				SDKROOT = macosx;
			};
			name = Debug;
		};
		96D13B40206CE5A700102F82 /* Release */ = {
			isa = XCBuildConfiguration;
			buildSettings = {
				ALWAYS_SEARCH_USER_PATHS = NO;
				CLANG_ANALYZER_NONNULL = YES;
				CLANG_ANALYZER_NUMBER_OBJECT_CONVERSION = YES_AGGRESSIVE;
				CLANG_CXX_LANGUAGE_STANDARD = "gnu++14";
				CLANG_CXX_LIBRARY = "libc++";
				CLANG_ENABLE_MODULES = YES;
				CLANG_ENABLE_OBJC_ARC = YES;
				CLANG_WARN_BLOCK_CAPTURE_AUTORELEASING = YES;
				CLANG_WARN_BOOL_CONVERSION = YES;
				CLANG_WARN_COMMA = YES;
				CLANG_WARN_CONSTANT_CONVERSION = YES;
				CLANG_WARN_DIRECT_OBJC_ISA_USAGE = YES_ERROR;
				CLANG_WARN_DOCUMENTATION_COMMENTS = YES;
				CLANG_WARN_EMPTY_BODY = YES;
				CLANG_WARN_ENUM_CONVERSION = YES;
				CLANG_WARN_INFINITE_RECURSION = YES;
				CLANG_WARN_INT_CONVERSION = YES;
				CLANG_WARN_NON_LITERAL_NULL_CONVERSION = YES;
				CLANG_WARN_OBJC_LITERAL_CONVERSION = YES;
				CLANG_WARN_OBJC_ROOT_CLASS = YES_ERROR;
				CLANG_WARN_RANGE_LOOP_ANALYSIS = YES;
				CLANG_WARN_STRICT_PROTOTYPES = YES;
				CLANG_WARN_SUSPICIOUS_MOVE = YES;
				CLANG_WARN_UNGUARDED_AVAILABILITY = YES_AGGRESSIVE;
				CLANG_WARN_UNREACHABLE_CODE = YES;
				CLANG_WARN__DUPLICATE_METHOD_MATCH = YES;
				CODE_SIGN_IDENTITY = "-";
				COPY_PHASE_STRIP = NO;
				DEBUG_INFORMATION_FORMAT = "dwarf-with-dsym";
				ENABLE_NS_ASSERTIONS = NO;
				ENABLE_STRICT_OBJC_MSGSEND = YES;
				GCC_C_LANGUAGE_STANDARD = gnu11;
				GCC_NO_COMMON_BLOCKS = YES;
				GCC_WARN_64_TO_32_BIT_CONVERSION = YES;
				GCC_WARN_ABOUT_RETURN_TYPE = YES_ERROR;
				GCC_WARN_UNDECLARED_SELECTOR = YES;
				GCC_WARN_UNINITIALIZED_AUTOS = YES_AGGRESSIVE;
				GCC_WARN_UNUSED_FUNCTION = YES;
				GCC_WARN_UNUSED_VARIABLE = YES;
				MACOSX_DEPLOYMENT_TARGET = 10.13;
				MTL_ENABLE_DEBUG_INFO = YES;
				ONLY_ACTIVE_ARCH = YES;
				PRODUCT_NAME = "$(TARGET_NAME)";
				SDKROOT = macosx;
			};
			name = Release;
		};
/* End XCBuildConfiguration section */

/* Begin XCConfigurationList section */
		96AAC9F721393B8000BAE16D /* Build configuration list for PBXNativeTarget "SimplePlayerGL" */ = {
			isa = XCConfigurationList;
			buildConfigurations = (
				96AAC9F821393B8000BAE16D /* Debug */,
				96AAC9F921393B8000BAE16D /* Release */,
			);
			defaultConfigurationIsVisible = 0;
			defaultConfigurationName = Release;
		};
		96D13B35206CE5A700102F82 /* Build configuration list for PBXProject "Daniel2.SimplePlayerGL" */ = {
			isa = XCConfigurationList;
			buildConfigurations = (
				96D13B3F206CE5A700102F82 /* Debug */,
				96D13B40206CE5A700102F82 /* Release */,
			);
			defaultConfigurationIsVisible = 0;
			defaultConfigurationName = Release;
		};
/* End XCConfigurationList section */
	};
	rootObject = 96D13B32206CE5A700102F82 /* Project object */;
}
