// !$*UTF8*$!
{
	archiveVersion = 1;
	classes = {
	};
	objectVersion = 48;
	objects = {

/* Begin PBXBuildFile section */
		96D13B52206CE65D00102F82 /* ReadFileDN2.cpp in Sources */ = {isa = PBXBuildFile; fileRef = 96D13B44206CE65C00102F82 /* ReadFileDN2.cpp */; };
		96D13B54206CE65D00102F82 /* SimpleDecodeDN2.cpp in Sources */ = {isa = PBXBuildFile; fileRef = 96D13B47206CE65C00102F82 /* SimpleDecodeDN2.cpp */; };
		96D13B55206CE65D00102F82 /* Block.cpp in Sources */ = {isa = PBXBuildFile; fileRef = 96D13B48206CE65C00102F82 /* Block.cpp */; };
		96D13B56206CE65D00102F82 /* DecodeDaniel2.cpp in Sources */ = {isa = PBXBuildFile; fileRef = 96D13B4A206CE65C00102F82 /* DecodeDaniel2.cpp */; };
		96D13B57206CE65D00102F82 /* stdafx.cpp in Sources */ = {isa = PBXBuildFile; fileRef = 96D13B50206CE65D00102F82 /* stdafx.cpp */; };
		96D13B5A206CE66E00102F82 /* OpenGL.framework in Frameworks */ = {isa = PBXBuildFile; fileRef = 96D13B59206CE66E00102F82 /* OpenGL.framework */; };
		96D13B5C206CE67B00102F82 /* CoreGraphics.framework in Frameworks */ = {isa = PBXBuildFile; fileRef = 96D13B5B206CE67B00102F82 /* CoreGraphics.framework */; };
		96D13B5E206CE68300102F82 /* GLUT.framework in Frameworks */ = {isa = PBXBuildFile; fileRef = 96D13B5D206CE68300102F82 /* GLUT.framework */; };
/* End PBXBuildFile section */

/* Begin PBXCopyFilesBuildPhase section */
		96D13B38206CE5A700102F82 /* CopyFiles */ = {
			isa = PBXCopyFilesBuildPhase;
			buildActionMask = 2147483647;
			dstPath = /usr/share/man/man1/;
			dstSubfolderSpec = 0;
			files = (
			);
			runOnlyForDeploymentPostprocessing = 1;
		};
/* End PBXCopyFilesBuildPhase section */

/* Begin PBXFileReference section */
		96D13B3A206CE5A700102F82 /* SimpleDecodeDN2 */ = {isa = PBXFileReference; explicitFileType = "compiled.mach-o.executable"; includeInIndex = 0; path = SimpleDecodeDN2; sourceTree = BUILT_PRODUCTS_DIR; };
		96D13B44206CE65C00102F82 /* ReadFileDN2.cpp */ = {isa = PBXFileReference; fileEncoding = 4; lastKnownFileType = sourcecode.cpp.cpp; path = ReadFileDN2.cpp; sourceTree = "<group>"; };
		96D13B46206CE65C00102F82 /* ReadFileDN2.h */ = {isa = PBXFileReference; fileEncoding = 4; lastKnownFileType = sourcecode.c.h; path = ReadFileDN2.h; sourceTree = "<group>"; };
		96D13B47206CE65C00102F82 /* SimpleDecodeDN2.cpp */ = {isa = PBXFileReference; fileEncoding = 4; lastKnownFileType = sourcecode.cpp.cpp; path = SimpleDecodeDN2.cpp; sourceTree = "<group>"; };
		96D13B48206CE65C00102F82 /* Block.cpp */ = {isa = PBXFileReference; fileEncoding = 4; lastKnownFileType = sourcecode.cpp.cpp; path = Block.cpp; sourceTree = "<group>"; };
		96D13B49206CE65C00102F82 /* Block.h */ = {isa = PBXFileReference; fileEncoding = 4; lastKnownFileType = sourcecode.c.h; path = Block.h; sourceTree = "<group>"; };
		96D13B4A206CE65C00102F82 /* DecodeDaniel2.cpp */ = {isa = PBXFileReference; fileEncoding = 4; lastKnownFileType = sourcecode.cpp.cpp; path = DecodeDaniel2.cpp; sourceTree = "<group>"; };
		96D13B4B206CE65C00102F82 /* helper_string.h */ = {isa = PBXFileReference; fileEncoding = 4; lastKnownFileType = sourcecode.c.h; path = helper_string.h; sourceTree = "<group>"; };
		96D13B4D206CE65D00102F82 /* DecodeDaniel2.h */ = {isa = PBXFileReference; fileEncoding = 4; lastKnownFileType = sourcecode.c.h; path = DecodeDaniel2.h; sourceTree = "<group>"; };
		96D13B4E206CE65D00102F82 /* stdafx.h */ = {isa = PBXFileReference; fileEncoding = 4; lastKnownFileType = sourcecode.c.h; path = stdafx.h; sourceTree = "<group>"; };
		96D13B4F206CE65D00102F82 /* Timer.h */ = {isa = PBXFileReference; fileEncoding = 4; lastKnownFileType = sourcecode.c.h; path = Timer.h; sourceTree = "<group>"; };
		96D13B50206CE65D00102F82 /* stdafx.cpp */ = {isa = PBXFileReference; fileEncoding = 4; lastKnownFileType = sourcecode.cpp.cpp; path = stdafx.cpp; sourceTree = "<group>"; };
		96D13B51206CE65D00102F82 /* DecodeDaniel2Simple.h */ = {isa = PBXFileReference; fileEncoding = 4; lastKnownFileType = sourcecode.c.h; path = DecodeDaniel2Simple.h; sourceTree = "<group>"; };
		96D13B59206CE66E00102F82 /* OpenGL.framework */ = {isa = PBXFileReference; lastKnownFileType = wrapper.framework; name = OpenGL.framework; path = System/Library/Frameworks/OpenGL.framework; sourceTree = SDKROOT; };
		96D13B5B206CE67B00102F82 /* CoreGraphics.framework */ = {isa = PBXFileReference; lastKnownFileType = wrapper.framework; name = CoreGraphics.framework; path = System/Library/Frameworks/CoreGraphics.framework; sourceTree = SDKROOT; };
		96D13B5D206CE68300102F82 /* GLUT.framework */ = {isa = PBXFileReference; lastKnownFileType = wrapper.framework; name = GLUT.framework; path = System/Library/Frameworks/GLUT.framework; sourceTree = SDKROOT; };
/* End PBXFileReference section */

/* Begin PBXFrameworksBuildPhase section */
		96D13B37206CE5A700102F82 /* Frameworks */ = {
			isa = PBXFrameworksBuildPhase;
			buildActionMask = 2147483647;
			files = (
				96D13B5E206CE68300102F82 /* GLUT.framework in Frameworks */,
				96D13B5C206CE67B00102F82 /* CoreGraphics.framework in Frameworks */,
				96D13B5A206CE66E00102F82 /* OpenGL.framework in Frameworks */,
			);
			runOnlyForDeploymentPostprocessing = 0;
		};
/* End PBXFrameworksBuildPhase section */

/* Begin PBXGroup section */
		96D13B31206CE5A700102F82 = {
			isa = PBXGroup;
			children = (
				96D13B3C206CE5A700102F82 /* SimpleDecodeDN2 */,
				96D13B3B206CE5A700102F82 /* Products */,
				96D13B58206CE66D00102F82 /* Frameworks */,
			);
			sourceTree = "<group>";
		};
		96D13B3B206CE5A700102F82 /* Products */ = {
			isa = PBXGroup;
			children = (
				96D13B3A206CE5A700102F82 /* SimpleDecodeDN2 */,
			);
			name = Products;
			sourceTree = "<group>";
		};
		96D13B3C206CE5A700102F82 /* SimpleDecodeDN2 */ = {
			isa = PBXGroup;
			children = (
				96D13B48206CE65C00102F82 /* Block.cpp */,
				96D13B49206CE65C00102F82 /* Block.h */,
				96D13B4A206CE65C00102F82 /* DecodeDaniel2.cpp */,
				96D13B4D206CE65D00102F82 /* DecodeDaniel2.h */,
				96D13B51206CE65D00102F82 /* DecodeDaniel2Simple.h */,
				96D13B4B206CE65C00102F82 /* helper_string.h */,
				96D13B44206CE65C00102F82 /* ReadFileDN2.cpp */,
				96D13B46206CE65C00102F82 /* ReadFileDN2.h */,
				96D13B47206CE65C00102F82 /* SimpleDecodeDN2.cpp */,
				96D13B50206CE65D00102F82 /* stdafx.cpp */,
				96D13B4E206CE65D00102F82 /* stdafx.h */,
				96D13B4F206CE65D00102F82 /* Timer.h */,
			);
			path = SimpleDecodeDN2;
			sourceTree = "<group>";
		};
		96D13B58206CE66D00102F82 /* Frameworks */ = {
			isa = PBXGroup;
			children = (
				96D13B5D206CE68300102F82 /* GLUT.framework */,
				96D13B5B206CE67B00102F82 /* CoreGraphics.framework */,
				96D13B59206CE66E00102F82 /* OpenGL.framework */,
			);
			name = Frameworks;
			sourceTree = "<group>";
		};
/* End PBXGroup section */

/* Begin PBXNativeTarget section */
		96D13B39206CE5A700102F82 /* SimpleDecodeDN2 */ = {
			isa = PBXNativeTarget;
			buildConfigurationList = 96D13B41206CE5A700102F82 /* Build configuration list for PBXNativeTarget "SimpleDecodeDN2" */;
			buildPhases = (
				96D13B36206CE5A700102F82 /* Sources */,
				96D13B37206CE5A700102F82 /* Frameworks */,
				96D13B38206CE5A700102F82 /* CopyFiles */,
			);
			buildRules = (
			);
			dependencies = (
			);
			name = SimpleDecodeDN2;
			productName = SimpleDecodeDN2;
			productReference = 96D13B3A206CE5A700102F82 /* SimpleDecodeDN2 */;
			productType = "com.apple.product-type.tool";
		};
/* End PBXNativeTarget section */

/* Begin PBXProject section */
		96D13B32206CE5A700102F82 /* Project object */ = {
			isa = PBXProject;
			attributes = {
				LastUpgradeCheck = 0920;
				ORGANIZATIONNAME = Cinegy;
				TargetAttributes = {
					96D13B39206CE5A700102F82 = {
						CreatedOnToolsVersion = 9.2;
						ProvisioningStyle = Automatic;
					};
				};
			};
			buildConfigurationList = 96D13B35206CE5A700102F82 /* Build configuration list for PBXProject "SimpleDecodeDN2" */;
			compatibilityVersion = "Xcode 8.0";
			developmentRegion = en;
			hasScannedForEncodings = 0;
			knownRegions = (
				en,
			);
			mainGroup = 96D13B31206CE5A700102F82;
			productRefGroup = 96D13B3B206CE5A700102F82 /* Products */;
			projectDirPath = "";
			projectRoot = "";
			targets = (
				96D13B39206CE5A700102F82 /* SimpleDecodeDN2 */,
			);
		};
/* End PBXProject section */

/* Begin PBXSourcesBuildPhase section */
		96D13B36206CE5A700102F82 /* Sources */ = {
			isa = PBXSourcesBuildPhase;
			buildActionMask = 2147483647;
			files = (
				96D13B52206CE65D00102F82 /* ReadFileDN2.cpp in Sources */,
				96D13B55206CE65D00102F82 /* Block.cpp in Sources */,
				96D13B57206CE65D00102F82 /* stdafx.cpp in Sources */,
				96D13B56206CE65D00102F82 /* DecodeDaniel2.cpp in Sources */,
				96D13B54206CE65D00102F82 /* SimpleDecodeDN2.cpp in Sources */,
			);
			runOnlyForDeploymentPostprocessing = 0;
		};
/* End PBXSourcesBuildPhase section */

/* Begin XCBuildConfiguration section */
		96D13B3F206CE5A700102F82 /* Debug */ = {
			isa = XCBuildConfiguration;
			buildSettings = {
				ALWAYS_SEARCH_USER_PATHS = NO;
				CLANG_ANALYZER_NONNULL = YES;
				CLANG_ANALYZER_NUMBER_OBJECT_CONVERSION = YES_AGGRESSIVE;
				CLANG_CXX_LANGUAGE_STANDARD = "gnu++14";
				CLANG_CXX_LIBRARY = "libc++";
				CLANG_ENABLE_MODULES = YES;
				CLANG_ENABLE_OBJC_ARC = YES;
				CLANG_WARN_BLOCK_CAPTURE_AUTORELEASING = YES;
				CLANG_WARN_BOOL_CONVERSION = YES;
				CLANG_WARN_COMMA = YES;
				CLANG_WARN_CONSTANT_CONVERSION = YES;
				CLANG_WARN_DIRECT_OBJC_ISA_USAGE = YES_ERROR;
				CLANG_WARN_DOCUMENTATION_COMMENTS = YES;
				CLANG_WARN_EMPTY_BODY = YES;
				CLANG_WARN_ENUM_CONVERSION = YES;
				CLANG_WARN_INFINITE_RECURSION = YES;
				CLANG_WARN_INT_CONVERSION = YES;
				CLANG_WARN_NON_LITERAL_NULL_CONVERSION = YES;
				CLANG_WARN_OBJC_LITERAL_CONVERSION = YES;
				CLANG_WARN_OBJC_ROOT_CLASS = YES_ERROR;
				CLANG_WARN_RANGE_LOOP_ANALYSIS = YES;
				CLANG_WARN_STRICT_PROTOTYPES = YES;
				CLANG_WARN_SUSPICIOUS_MOVE = YES;
				CLANG_WARN_UNGUARDED_AVAILABILITY = YES_AGGRESSIVE;
				CLANG_WARN_UNREACHABLE_CODE = YES;
				CLANG_WARN__DUPLICATE_METHOD_MATCH = YES;
				CODE_SIGN_IDENTITY = "-";
				COPY_PHASE_STRIP = NO;
				DEBUG_INFORMATION_FORMAT = dwarf;
				ENABLE_STRICT_OBJC_MSGSEND = YES;
				ENABLE_TESTABILITY = YES;
				GCC_C_LANGUAGE_STANDARD = gnu11;
				GCC_DYNAMIC_NO_PIC = NO;
				GCC_NO_COMMON_BLOCKS = YES;
				GCC_OPTIMIZATION_LEVEL = 0;
				GCC_PREPROCESSOR_DEFINITIONS = (
					"DEBUG=1",
					"$(inherited)",
				);
				GCC_WARN_64_TO_32_BIT_CONVERSION = YES;
				GCC_WARN_ABOUT_RETURN_TYPE = YES_ERROR;
				GCC_WARN_UNDECLARED_SELECTOR = YES;
				GCC_WARN_UNINITIALIZED_AUTOS = YES_AGGRESSIVE;
				GCC_WARN_UNUSED_FUNCTION = YES;
				GCC_WARN_UNUSED_VARIABLE = YES;
				MACOSX_DEPLOYMENT_TARGET = 10.13;
				MTL_ENABLE_DEBUG_INFO = YES;
				ONLY_ACTIVE_ARCH = YES;
				SDKROOT = macosx;
			};
			name = Debug;
		};
		96D13B40206CE5A700102F82 /* Release */ = {
			isa = XCBuildConfiguration;
			buildSettings = {
				ALWAYS_SEARCH_USER_PATHS = NO;
				CLANG_ANALYZER_NONNULL = YES;
				CLANG_ANALYZER_NUMBER_OBJECT_CONVERSION = YES_AGGRESSIVE;
				CLANG_CXX_LANGUAGE_STANDARD = "gnu++14";
				CLANG_CXX_LIBRARY = "libc++";
				CLANG_ENABLE_MODULES = YES;
				CLANG_ENABLE_OBJC_ARC = YES;
				CLANG_WARN_BLOCK_CAPTURE_AUTORELEASING = YES;
				CLANG_WARN_BOOL_CONVERSION = YES;
				CLANG_WARN_COMMA = YES;
				CLANG_WARN_CONSTANT_CONVERSION = YES;
				CLANG_WARN_DIRECT_OBJC_ISA_USAGE = YES_ERROR;
				CLANG_WARN_DOCUMENTATION_COMMENTS = YES;
				CLANG_WARN_EMPTY_BODY = YES;
				CLANG_WARN_ENUM_CONVERSION = YES;
				CLANG_WARN_INFINITE_RECURSION = YES;
				CLANG_WARN_INT_CONVERSION = YES;
				CLANG_WARN_NON_LITERAL_NULL_CONVERSION = YES;
				CLANG_WARN_OBJC_LITERAL_CONVERSION = YES;
				CLANG_WARN_OBJC_ROOT_CLASS = YES_ERROR;
				CLANG_WARN_RANGE_LOOP_ANALYSIS = YES;
				CLANG_WARN_STRICT_PROTOTYPES = YES;
				CLANG_WARN_SUSPICIOUS_MOVE = YES;
				CLANG_WARN_UNGUARDED_AVAILABILITY = YES_AGGRESSIVE;
				CLANG_WARN_UNREACHABLE_CODE = YES;
				CLANG_WARN__DUPLICATE_METHOD_MATCH = YES;
				CODE_SIGN_IDENTITY = "-";
				COPY_PHASE_STRIP = NO;
				DEBUG_INFORMATION_FORMAT = "dwarf-with-dsym";
				ENABLE_NS_ASSERTIONS = NO;
				ENABLE_STRICT_OBJC_MSGSEND = YES;
				GCC_C_LANGUAGE_STANDARD = gnu11;
				GCC_NO_COMMON_BLOCKS = YES;
				GCC_WARN_64_TO_32_BIT_CONVERSION = YES;
				GCC_WARN_ABOUT_RETURN_TYPE = YES_ERROR;
				GCC_WARN_UNDECLARED_SELECTOR = YES;
				GCC_WARN_UNINITIALIZED_AUTOS = YES_AGGRESSIVE;
				GCC_WARN_UNUSED_FUNCTION = YES;
				GCC_WARN_UNUSED_VARIABLE = YES;
				MACOSX_DEPLOYMENT_TARGET = 10.13;
				MTL_ENABLE_DEBUG_INFO = NO;
				ONLY_ACTIVE_ARCH = YES;
				SDKROOT = macosx;
			};
			name = Release;
		};
		96D13B42206CE5A700102F82 /* Debug */ = {
			isa = XCBuildConfiguration;
			buildSettings = {
				CODE_SIGN_STYLE = Automatic;
				GCC_WARN_ABOUT_DEPRECATED_FUNCTIONS = NO;
				HEADER_SEARCH_PATHS = (
					$PROJECT_DIR/Toolkits/Cinecoder/sources,
					$PROJECT_DIR/Toolkits/Utils,
					$PROJECT_DIR/Toolkits/winclude,
				);
				LIBRARY_SEARCH_PATHS = "$(PROJECT_DIR)/Toolkits/Cinecoder/MacOS/lib/release";
				OTHER_LDFLAGS = "$(PROJECT_DIR)/Toolkits/Cinecoder/MacOS/lib/release/libCinecoder.dylib";
				PRODUCT_NAME = "$(TARGET_NAME)";
			};
			name = Debug;
		};
		96D13B43206CE5A700102F82 /* Release */ = {
			isa = XCBuildConfiguration;
			buildSettings = {
				CODE_SIGN_STYLE = Automatic;
				GCC_WARN_ABOUT_DEPRECATED_FUNCTIONS = NO;
				HEADER_SEARCH_PATHS = (
					$PROJECT_DIR/Toolkits/Cinecoder/sources,
					$PROJECT_DIR/Toolkits/Utils,
					$PROJECT_DIR/Toolkits/winclude,
				);
				LIBRARY_SEARCH_PATHS = "$(PROJECT_DIR)/Toolkits/Cinecoder/MacOS/lib/release";
				OTHER_LDFLAGS = "$(PROJECT_DIR)/Toolkits/Cinecoder/MacOS/lib/release/libCinecoder.dylib";
				PRODUCT_NAME = "$(TARGET_NAME)";
			};
			name = Release;
		};
/* End XCBuildConfiguration section */

/* Begin XCConfigurationList section */
		96D13B35206CE5A700102F82 /* Build configuration list for PBXProject "SimpleDecodeDN2" */ = {
			isa = XCConfigurationList;
			buildConfigurations = (
				96D13B3F206CE5A700102F82 /* Debug */,
				96D13B40206CE5A700102F82 /* Release */,
			);
			defaultConfigurationIsVisible = 0;
			defaultConfigurationName = Release;
		};
		96D13B41206CE5A700102F82 /* Build configuration list for PBXNativeTarget "SimpleDecodeDN2" */ = {
			isa = XCConfigurationList;
			buildConfigurations = (
				96D13B42206CE5A700102F82 /* Debug */,
				96D13B43206CE5A700102F82 /* Release */,
			);
			defaultConfigurationIsVisible = 0;
			defaultConfigurationName = Release;
		};
/* End XCConfigurationList section */
	};
	rootObject = 96D13B32206CE5A700102F82 /* Project object */;
}
