<?xml version="1.0" encoding="utf-8"?>
<Project ToolsVersion="4.0" xmlns="http://schemas.microsoft.com/developer/msbuild/2003">
  <ItemGroup>
    <ClCompile Include="..\Daniel2.SimplePlayerGL\AudioSource.cpp">
      <Filter>Source Files</Filter>
    </ClCompile>
    <ClCompile Include="..\Daniel2.SimplePlayerGL\Block.cpp">
      <Filter>Source Files</Filter>
    </ClCompile>
    <ClCompile Include="..\Daniel2.SimplePlayerGL\Daniel2.SimplePlayerGL.cpp">
      <Filter>Source Files</Filter>
    </ClCompile>
    <ClCompile Include="..\Daniel2.SimplePlayerGL\DecodeDaniel2.cpp">
      <Filter>Source Files</Filter>
    </ClCompile>
    <ClCompile Include="..\Daniel2.SimplePlayerGL\ReadFileDN2.cpp">
      <Filter>Source Files</Filter>
    </ClCompile>
    <ClCompile Include="..\Daniel2.SimplePlayerGL\stdafx.cpp">
      <Filter>Source Files</Filter>
    </ClCompile>
    <ClCompile Include="..\Daniel2.SimplePlayerGL\BaseGPURender.cpp">
      <Filter>Render</Filter>
    </ClCompile>
    <ClCompile Include="..\Daniel2.SimplePlayerGL\GPURenderDX.cpp">
      <Filter>Render</Filter>
    </ClCompile>
    <ClCompile Include="..\Daniel2.SimplePlayerGL\GPURenderGL.cpp">
      <Filter>Render</Filter>
    </ClCompile>
    <ClCompile Include="..\libraries\glew-2.1.0\src\glew.c">
      <Filter>Render\glew</Filter>
    </ClCompile>
  </ItemGroup>
  <ItemGroup>
    <ClInclude Include="..\Daniel2.SimplePlayerGL\stdafx.h">
      <Filter>Header Files</Filter>
    </ClInclude>
    <ClInclude Include="..\Daniel2.SimplePlayerGL\CinecoderErrorHandler.h">
      <Filter>Header Files</Filter>
    </ClInclude>
    <ClInclude Include="..\Daniel2.SimplePlayerGL\utils\HMTSTDUtil.h">
      <Filter>Header Files</Filter>
    </ClInclude>
    <ClInclude Include="..\Daniel2.SimplePlayerGL\AudioSource.h">
      <Filter>Header Files</Filter>
    </ClInclude>
    <ClInclude Include="..\Daniel2.SimplePlayerGL\Block.h">
      <Filter>Header Files</Filter>
    </ClInclude>
    <ClInclude Include="..\Daniel2.SimplePlayerGL\DecodeDaniel2.h">
      <Filter>Header Files</Filter>
    </ClInclude>
    <ClInclude Include="..\Daniel2.SimplePlayerGL\ReadFileDN2.h">
      <Filter>Header Files</Filter>
    </ClInclude>
    <ClInclude Include="..\Daniel2.SimplePlayerGL\BaseGPURender.h">
      <Filter>Render</Filter>
    </ClInclude>
    <ClInclude Include="..\Daniel2.SimplePlayerGL\GPURenderDX.h">
      <Filter>Render</Filter>
    </ClInclude>
    <ClInclude Include="..\Daniel2.SimplePlayerGL\GPURenderGL.h">
      <Filter>Render</Filter>
    </ClInclude>
    <ClInclude Include="..\Daniel2.SimplePlayerGL\SimplePlayerGL.h">
      <Filter>Render</Filter>
    </ClInclude>
    <ClInclude Include="..\common\framebuffer.h">
      <Filter>Header Files</Filter>
    </ClInclude>
    <ClInclude Include="..\Daniel2.SimplePlayerGL\CLI.h">
      <Filter>Header Files</Filter>
    </ClInclude>
  </ItemGroup>
  <ItemGroup>
    <None Include="packages.config" />
  </ItemGroup>
  <ItemGroup>
    <Text Include="ReadMe.txt" />
  </ItemGroup>
  <ItemGroup>
    <Filter Include="Header Files">
      <UniqueIdentifier>{f630c9bc-ef8c-4269-9eb7-244766c616d7}</UniqueIdentifier>
    </Filter>
    <Filter Include="Source Files">
      <UniqueIdentifier>{63d18d0a-5a27-43d1-b717-434f1318009b}</UniqueIdentifier>
    </Filter>
    <Filter Include="Render">
      <UniqueIdentifier>{fe0c5d45-6946-43d8-a3ad-40a3ba05f068}</UniqueIdentifier>
    </Filter>
    <Filter Include="Render\glew">
      <UniqueIdentifier>{48b10ada-fcea-441a-8607-375f02b34135}</UniqueIdentifier>
    </Filter>
  </ItemGroup>
</Project>